github.com/pkg/errors v0.8.1 h1:iURUrRGxPUNPdy5/HRSm+Yj6okJ6UtLINN0Q9M4+h3I=
github.com/pkg/errors v0.8.1/go.mod h1:bwawxfHBFNV+L2hUp1rHADufV3IMtnDRdf1r5NINEl0=
github.com/weibreeze/breeze-go v0.1.0 h1:7uALKaS/Nxv2O2vSwrS0+3KybL58Y2rWyYaRKgl/YOw=
github.com/weibreeze/breeze-go v0.1.0/go.mod h1:qUQStJ6KIU3odtTwdpoRGz6Bu8zkwIoh49TKpbFzoMI=
